version = 1
revision = 3
requires-python = ">=3.10"

[[package]]
name = "customtkinter"
version = "6.0.0"
source = { registry = "https://pypi.org/simple" }
dependencies = [
    { name = "darkdetect" },
    { name = "packaging" },
]
sdist = { url = "https://files.pythonhosted.org/packages/c4/36/aee6ed9171a5a232da66a8b257752bd03d25b487c9d67ba367ad159bd976/customtkinter-6.0.0.tar.gz", hash = "sha256:c782df167bc64ab3fc3140286df06967ac2de4dcc97dd5958426fe9c1a98057b", size = 267195, upload-time = "2026-06-24T20:14:32.144Z" }
wheels = [
    { url = "https://files.pythonhosted.org/packages/b0/63/e2d3387432c5a94dec64031c86b5ba737216de7e7490abb55efd64dec054/customtkinter-6.0.0-py3-none-any.whl", hash = "sha256:704fcbf1d2fca06bd7881b0afacfae72aed9864c9b6de2870e632e55eb3a0456", size = 302166, upload-time = "2026-06-24T20:14:30.191Z" },
]

[[package]]
name = "cython"
version = "3.2.9"
source = { registry = "https://pypi.org/simple" }
sdist = { url = "https://files.pythonhosted.org/packages/f6/de/db48b8870e766cfea809986cc50c1e986c663a9ab7bafd0ac1a2512c4a26/cython-3.2.9.tar.gz", hash = "sha256:d249c9022ab13286b17bd66f30609e800c5f95efeecb06168990c7a66cecde6c", size = 3293493, upload-time = "2026-07-24T06:21:21.867Z" }
wheels = [
    { url = "https://files.pythonhosted.org/packages/27/29/bc7e088201af74eacbb5799542d0f09d6e5e139cc55f19fd54c409f58109/cython-3.2.9-cp310-cp310-macosx_11_0_arm64.whl", hash = "sha256:2751b7c0cb13135aadcc1cc8fe223be98d458cd1132611d31675e768a5e4a2e9", size = 3000461, upload-time = "2026-07-24T06:21:37.078Z" },
    { url = "https://files.pythonhosted.org/packages/fc/97/2f477d30fc6ca0ff333552233aa6dee0e57323a55913f84f24da9cac26fc/cython-3.2.9-cp311-cp311-macosx_11_0_arm64.whl", hash = "sha256:e8ec2d5a7b798c84d6779e7ca5318fd928b8fe9dd021106d714dc2e77cdc7555", size = 2992696, upload-time = "2026-07-24T06:21:44.931Z" },
    { url = "https://files.pythonhosted.org/packages/fd/37/c74d842306c8fe381c415b37460d5e3086a820fac72b8ff5cb48513ccfcd/cython-3.2.9-cp312-cp312-macosx_11_0_arm64.whl", hash = "sha256:114b2dee0fa1daa48a59574d848da0ff1b6bdb725a755e9b92fad14962e1ff8d", size = 3009571, upload-time = "2026-07-24T06:21:52.534Z" },
    { url = "https://files.pythonhosted.org/packages/83/fa/7ffbaab88558e28411715ad35d913cac7d64ee965344c185325da84c4309/cython-3.2.9-cp313-cp313-macosx_11_0_arm64.whl", hash = "sha256:44b7fc417933d65bf31bce00337ff318efa3ea59daed21d10fe842d41e657c08", size = 2998816, upload-time = "2026-07-24T06:22:00.822Z" },
    { url = "https://files.pythonhosted.org/packages/3c/69/e5969fa87c7b8833f62fe790e1617a1391112fa55fe12079c41a4553119c/cython-3.2.9-cp314-cp314-macosx_11_0_arm64.whl", hash = "sha256:63a42e131112072f912b66734088abc946c6bc42cb7454461a6dfdd2d09d3bae", size = 3013040, upload-time = "2026-07-24T06:22:08.9Z" },
    { url = "https://files.pythonhosted.org/packages/0a/4a/342312c5fe021c8e0c386e1915d138e0902c48ae179b0374ab04773a8831/cython-3.2.9-cp39-abi3-macosx_10_9_x86_64.whl", hash = "sha256:944dc8747f640b3527649c566a5fc75ee0c15e80642ea2fdae4fe6378e1a9d4a", size = 2899729, upload-time = "2026-07-24T06:22:24.877Z" },
    { url = "https://files.pythonhosted.org/packages/00/ec/e61deec9bcfbb0e1b36f8b5ba75cb44644419b4bfd0fdd666bffd21d9579/cython-3.2.9-py3-none-any.whl", hash = "sha256:a2b0e87f6b80790c929308ca0831d686f7a180feab684fe8cd4a4380bd96aaca", size = 1259272, upload-time = "2026-07-24T06:21:18.95Z" },
]

[[package]]
name = "darkdetect"
version = "0.8.0"
source = { registry = "https://pypi.org/simple" }
sdist = { url = "https://files.pythonhosted.org/packages/45/77/7575be73bf12dee231d0c6e60ce7fb7a7be4fcd58823374fc59a6e48262e/darkdetect-0.8.0.tar.gz", hash = "sha256:b5428e1170263eb5dea44c25dc3895edd75e6f52300986353cd63533fe7df8b1", size = 7681, upload-time = "2022-12-16T14:14:42.113Z" }
wheels = [
    { url = "https://files.pythonhosted.org/packages/f2/f2/728f041460f1b9739b85ee23b45fa5a505962ea11fd85bdbe2a02b021373/darkdetect-0.8.0-py3-none-any.whl", hash = "sha256:a7509ccf517eaad92b31c214f593dbcf138ea8a43b2935406bbd565e15527a85", size = 8955, upload-time = "2022-12-16T14:14:40.92Z" },
]

[[package]]
name = "packaging"
version = "26.3"
source = { registry = "https://pypi.org/simple" }
sdist = { url = "https://files.pythonhosted.org/packages/7d/fa/3944b40b07da9ce895c0e6303a5ab7d53da063554f534556b134a54d6093/packaging-26.3.tar.gz", hash = "sha256:94edc256424af38762eb31306eed28beb9f0efc50a8837492c9d6fd6004aed79", size = 313412, upload-time = "2026-08-04T18:15:28.737Z" }
wheels = [
    { url = "https://files.pythonhosted.org/packages/63/34/ba1c580383c9eada3711951fef0795c80b829a078d72188184bcab9dd527/packaging-26.3-py3-none-any.whl", hash = "sha256:d7193f7c8e4e93f444fde0262bf90af30e16fa0ad0ad44cb553c87339b23cd1c", size = 129956, upload-time = "2026-08-04T18:15:27.159Z" },
]

[[package]]
name = "proav-shoko"
version = "0.4.0b11"
source = { editable = "." }
dependencies = [
    { name = "customtkinter" },
    { name = "screeninfo" },
    { name = "usb-monitor" },
]

[package.metadata]
requires-dist = [
    { name = "customtkinter", specifier = ">=5.2.0" },
    { name = "screeninfo", specifier = ">=0.8.0" },
    { name = "usb-monitor", specifier = ">=1.0.0" },
]

[[package]]
name = "pyobjc-core"
version = "12.2.1"
source = { registry = "https://pypi.org/simple" }
sdist = { url = "https://files.pythonhosted.org/packages/b4/b1/729f7458a63758bd21716648a8abcd9a0c8f2d2e9897763c8a1a1c7fd31b/pyobjc_core-12.2.1.tar.gz", hash = "sha256:7a7b9b018402342cf32bf1956366896350fbe5c0478cb3ef59778f77abed7f07", size = 1063383, upload-time = "2026-06-19T16:19:39.357Z" }
wheels = [
    { url = "https://files.pythonhosted.org/packages/e5/62/80fe6b6bea9e9e7abe2e7a91bfd22115219b2263e435d2da09cf480b6f49/pyobjc_core-12.2.1-cp310-cp310-macosx_10_9_universal2.whl", hash = "sha256:aa5c889961d79d7704f17eeb27f80ee791335819c1bb14babeff7b9ea665b5f0", size = 6486390, upload-time = "2026-06-19T13:29:49.457Z" },
    { url = "https://files.pythonhosted.org/packages/92/87/16564ef5e4568ee0edd9e712d8111dc8b67621d6bb6ff430646ee2d637dd/pyobjc_core-12.2.1-cp311-cp311-macosx_10_9_universal2.whl", hash = "sha256:24b76a63caf0b5369d4a377c7c0438cd70df81539057af3db839bfaa3579e04a", size = 6484662, upload-time = "2026-06-19T16:04:44.979Z" },
    { url = "https://files.pythonhosted.org/packages/8c/88/300ad283bed0c971c52dcac6f70113e138169d4ce6d856ddd03d16081e51/pyobjc_core-12.2.1-cp312-cp312-macosx_10_13_universal2.whl", hash = "sha256:a64232bb27ed101d4adc7d42b0e64a6d3331aac7bee7861c037a6777a163f10b", size = 6433347, upload-time = "2026-06-19T16:04:49.341Z" },
    { url = "https://files.pythonhosted.org/packages/3e/1e/b9b0ddffae66996b8779f1f7958adc9f21c13a0448cd3be8d7fe589b5b0f/pyobjc_core-12.2.1-cp313-cp313-macosx_10_13_universal2.whl", hash = "sha256:af101222762665a4125157906cb4b23f5d5a63d3851d5e0504f72a1eaaa2cfd2", size = 6436004, upload-time = "2026-06-19T16:04:53.257Z" },
    { url = "https://files.pythonhosted.org/packages/8f/26/bd309ede07784c6e5fac4b440c90a5f72a66da7859ed303a9392fe8a5f3f/pyobjc_core-12.2.1-cp313-cp313t-macosx_10_13_universal2.whl", hash = "sha256:efe465e3ecc6fc73f7c7622620345d134a8d34564ab1c29d8247e45f4ed55071", size = 6687044, upload-time = "2026-06-19T16:04:57.42Z" },
    { url = "https://files.pythonhosted.org/packages/bd/8a/cfa4f56939d554dbb342ec6e5226a441e2f552bc2002a0ddf7705bb11bef/pyobjc_core-12.2.1-cp314-cp314-macosx_10_15_universal2.whl", hash = "sha256:2b8fc0531c27277325e113ac00b8a72a82e6145f0a88175b9425d8de814ff69a", size = 6429289, upload-time = "2026-06-19T16:05:02.191Z" },
    { url = "https://files.pythonhosted.org/packages/42/74/446c89bc18103aaa4a00d1fb85ff8acace9a0dc3f362d9678ebf7571e275/pyobjc_core-12.2.1-cp314-cp314t-macosx_10_15_universal2.whl", hash = "sha256:9bef500f979e22d54f9da3aaebf6a48f873234b324858bd69256055a318955c7", size = 6690181, upload-time = "2026-06-19T16:05:06.201Z" },
    { url = "https://files.pythonhosted.org/packages/99/c7/0121ee4c616af07ad2de8cd1a286f6978dc9a227eb58b7c2e875cb68a1df/pyobjc_core-12.2.1-cp315-cp315-macosx_10_15_universal2.whl", hash = "sha256:047c226eeb58a2993ace5e8904e71cc9426ee20d064c617f8fbf32717d37093e", size = 6487078, upload-time = "2026-06-19T16:05:10.093Z" },
    { url = "https://files.pythonhosted.org/packages/b5/a8/cb9fcc150f97d0bf22a2028f88b24cc35949beb1bcc7b8bc5c17d4401677/pyobjc_core-12.2.1-cp315-cp315t-macosx_10_15_universal2.whl", hash = "sha256:1188613805336270279570467e4455b74cb6c0f60913ac74c917ee1c37cfaecb", size = 6733064, upload-time = "2026-06-19T16:05:14.313Z" },
]

[[package]]
name = "pyobjc-framework-cocoa"
version = "12.2.1"
source = { registry = "https://pypi.org/simple" }
dependencies = [
    { name = "pyobjc-core" },
]
sdist = { url = "https://files.pythonhosted.org/packages/51/34/fbe38a204643aa4e1b91391cdce07a34da565a69171ebcad08de7438a556/pyobjc_framework_cocoa-12.2.1.tar.gz", hash = "sha256:b94b37fe5730e5ae1fb0052912cd174e6ec329b0bfba4a012ae5db1014b5864b", size = 3125751, upload-time = "2026-06-19T16:20:05.159Z" }
wheels = [
    { url = "https://files.pythonhosted.org/packages/2c/c5/f6a5458cc5a598baa7a79ffe86248560c631f5a86f4a3c678fb6a815e78b/pyobjc_framework_cocoa-12.2.1-cp310-cp310-macosx_10_9_universal2.whl", hash = "sha256:05443c1494532779cccff83e9792fdd6f0a4800cac56620132bf28e0bf966e9d", size = 387303, upload-time = "2026-06-19T16:07:35.831Z" },
    { url = "https://files.pythonhosted.org/packages/f4/d6/dc66ea8519a0475efbccf73f82cc28066339bb300a27f5e1bf91ab1d7002/pyobjc_framework_cocoa-12.2.1-cp311-cp311-macosx_10_9_universal2.whl", hash = "sha256:dc6da84f4fc62cc25463bbb85e77a57b8d5ac6caf9a60702daf2edb601332f15", size = 387298, upload-time = "2026-06-19T16:07:37.412Z" },
    { url = "https://files.pythonhosted.org/packages/f7/cf/1b3b32b2f28f66cc053c3438ef4e6df36a1591945bf05e7399da18d74553/pyobjc_framework_cocoa-12.2.1-cp312-cp312-macosx_10_13_universal2.whl", hash = "sha256:28b9b8bab1c36efb94744786918752d0c1842f5fbb67e7d5ca97b5f736512080", size = 388113, upload-time = "2026-06-19T16:07:38.9Z" },
    { url = "https://files.pythonhosted.org/packages/cc/46/68e8e4d926a2f70fed0437047bc3f9fe08af8fe620d94d80656ebc3cfa9b/pyobjc_framework_cocoa-12.2.1-cp313-cp313-macosx_10_13_universal2.whl", hash = "sha256:3b74a78fa7803e547b32e5e8ec1b49987b52fe318383e793bc6cd49b80efbd9f", size = 388183, upload-time = "2026-06-19T16:07:40.483Z" },
    { url = "https://files.pythonhosted.org/packages/2e/f3/dfc9af4c9eb2e5389c860ad5ef252be9fe456db09f39d537555dc5057aa1/pyobjc_framework_cocoa-12.2.1-cp313-cp313t-macosx_10_13_universal2.whl", hash = "sha256:dc2eaca2f13c7bcd8e41e51a372e47825dea9dd3126108760eed7ba883d2945c", size = 392275, upload-time = "2026-06-19T16:07:42.078Z" },
    { url = "https://files.pythonhosted.org/packages/ec/c8/b90baa8f3592eded79b4be98fb59d2b8dc16b62361e34292bd95806ebd9f/pyobjc_framework_cocoa-12.2.1-cp314-cp314-macosx_10_15_universal2.whl", hash = "sha256:b386c324d64ae565c1f6b7dfb77be68f640a1c7c23caa6966ab661131f519561", size = 388357, upload-time = "2026-06-19T16:07:43.364Z" },
    { url = "https://files.pythonhosted.org/packages/98/d8/64a94651b9294702d55e748d94de30e25bc59d0784526be7643f4467eccd/pyobjc_framework_cocoa-12.2.1-cp314-cp314t-macosx_10_15_universal2.whl", hash = "sha256:a6c584e2af0813cb2f6103b184e632665a26f58c1bd5b08ffd6e95a19c617f7b", size = 392404, upload-time = "2026-06-19T16:07:44.955Z" },
    { url = "https://files.pythonhosted.org/packages/5c/cc/26e8a7bf1f5e8caa38b7f80d486296f9fd3c97e71ad7e5444ef22e802758/pyobjc_framework_cocoa-12.2.1-cp315-cp315-macosx_10_15_universal2.whl", hash = "sha256:b6023657b8d6cc049a21bd6b4752425f2f53c42f9f0b02d64c7608cc484bf103", size = 388589, upload-time = "2026-06-19T16:07:46.276Z" },
    { url = "https://files.pythonhosted.org/packages/b6/f3/eedf743a303ea742b8e082afe3613fb4d6618bc1a48cf2568b004ce906f7/pyobjc_framework_cocoa-12.2.1-cp315-cp315t-macosx_10_15_universal2.whl", hash = "sha256:c685ccd8e266a07cf912a2c5a13b1f2eff2a868a1aff163b4801b4687bd425e1", size = 392691, upload-time = "2026-06-19T16:07:47.477Z" },
]

[[package]]
name = "pyudev"
version = "0.24.4"
source = { registry = "https://pypi.org/simple" }
sdist = { url = "https://files.pythonhosted.org/packages/5e/1d/8bdbf651de1002e8b58fbe817bee22b1e8bfcdd24341d42c3238ce9a75f4/pyudev-0.24.4.tar.gz", hash = "sha256:e788bb983700b1a84efc2e88862b0a51af2a995d5b86bc9997546505cf7b36bc", size = 56135, upload-time = "2025-10-08T17:26:58.661Z" }
wheels = [
    { url = "https://files.pythonhosted.org/packages/2a/51/3dc0cd6498b24dea3cdeaed648568e3ca7454d41334d840b114156d7479f/pyudev-0.24.4-py3-none-any.whl", hash = "sha256:b3b6b01c68e6fc628428cc45ff3fe6c277afbb5d96507f14473ddb4a6b959e00", size = 62784, upload-time = "2025-10-08T17:26:57.664Z" },
]

[[package]]
name = "pywin32"
version = "312"
source = { registry = "https://pypi.org/simple" }
wheels = [
    { url = "https://files.pythonhosted.org/packages/fe/1b/9cfdeac80ee45bebbbcb31f1b7b99a0d81a1c72de48d837be984e0e88b1d/pywin32-312-cp310-cp310-win32.whl", hash = "sha256:772235332b5d1024c696f11cea1ae4be7930f0a8b894bb43db14e3f435f1ff7e", size = 6361387, upload-time = "2026-06-04T07:49:14.329Z" },
    { url = "https://files.pythonhosted.org/packages/33/b1/7afc96d041d982c27bc2df6f853d43f01fd273e3d39d04be3647ddeb533d/pywin32-312-cp310-cp310-win_amd64.whl", hash = "sha256:5dbc35d2b5320dc07f25fa31269cfb767471002b17de5eb067d03da68c7cb2db", size = 6926780, upload-time = "2026-06-04T07:49:16.881Z" },
    { url = "https://files.pythonhosted.org/packages/ce/3a/4140da9ad54108e517f4a16b2d83da3033e08662144623e1239587cb7db6/pywin32-312-cp310-cp310-win_arm64.whl", hash = "sha256:3020656e34f1cf7faeb7bccd2b84653a607c6ff0c55ada85e6487d61716deabd", size = 4307203, upload-time = "2026-06-04T07:49:18.993Z" },
    { url = "https://files.pythonhosted.org/packages/1f/f5/10a6e845a00fc5e7afd0a988b744f403d4d57162a28d160a093c4d9322f0/pywin32-312-cp311-cp311-win32.whl", hash = "sha256:17948aeadbdb091f0ced6ef0841620794e68327b94ee415571c1203594b7215c", size = 6362659, upload-time = "2026-06-04T07:49:21.349Z" },
    { url = "https://files.pythonhosted.org/packages/35/c4/dcd2d62b5944b6d5db53413a5899016ccd57ffcb7278f3f81655d25d2027/pywin32-312-cp311-cp311-win_amd64.whl", hash = "sha256:d11417d84412f859b722fad0841b3614459ed0047f7542d8362e77884f6b6e8a", size = 6928825, upload-time = "2026-06-04T07:49:23.934Z" },
    { url = "https://files.pythonhosted.org/packages/b7/56/3cbb433fe4501cdba2eb9040f56a4e1a8243faa4186b25295564d1a7a79d/pywin32-312-cp311-cp311-win_arm64.whl", hash = "sha256:b2200a054ca6d6625c4842fc56a4976a4b47f96b73dbe5538c3f813a80359f47", size = 6721875, upload-time = "2026-06-04T07:49:26.416Z" },
    { url = "https://files.pythonhosted.org/packages/83/ff/32aa7d2ed0ab12b323aaa64f9b75e6ad4f8fd09f9ccfc28c79414d46838d/pywin32-312-cp312-cp312-win32.whl", hash = "sha256:dab4f65ac9c4e48400a2a0530c46c3c579cd5905ecd11b80692373915269208b", size = 6371877, upload-time = "2026-06-04T07:49:28.836Z" },
    { url = "https://files.pythonhosted.org/packages/03/d9/77040d3b43df3f3be32ea289433d660d2727f5ba327bc73be835127d9d60/pywin32-312-cp312-cp312-win_amd64.whl", hash = "sha256:b457f6d628a47e8a7346ce22acb7e1a46a4a78b52e1d17e1af56871bd19a93bc", size = 6914841, upload-time = "2026-06-04T07:49:31.85Z" },
    { url = "https://files.pythonhosted.org/packages/e3/cc/7b1ec671775756020a0ee7f4feeaf3c568f0ab86bd3900088cf986937a92/pywin32-312-cp312-cp312-win_arm64.whl", hash = "sha256:6017c58e12f6809fbb0555b75df144c2922a9ffd18e4b9b5afa863b6c1a9d950", size = 6727901, upload-time = "2026-06-04T07:49:34.244Z" },
    { url = "https://files.pythonhosted.org/packages/2d/41/12fbfd7f36ed2146d8bc9de96c2741296bf0d490b98508496cff322e274c/pywin32-312-cp313-cp313-win32.whl", hash = "sha256:7a27df850933d16a8eabfbaeb73d52b273e2da667f80d70b01a89d1f6828d02c", size = 6370184, upload-time = "2026-06-04T07:49:36.253Z" },
    { url = "https://files.pythonhosted.org/packages/ba/db/36a78e3403099d31d9746d13fdcde5accc43c1155f375a34d15983a479a7/pywin32-312-cp313-cp313-win_amd64.whl", hash = "sha256:c53e878d15a1c44788082bfe712a905433473aa38f86375b7cf8b45e3acbaaf9", size = 6914298, upload-time = "2026-06-04T07:49:38.876Z" },
    { url = "https://files.pythonhosted.org/packages/84/37/c1697194092b76de9ed47ca124323f02c57ffc8a45c06f88a3d5acaf01eb/pywin32-312-cp313-cp313-win_arm64.whl", hash = "sha256:59aba5d5940842075343a5ddc6b11f1cdf0d1567fe745290359dfbcc7c2eb831", size = 6727640, upload-time = "2026-06-04T07:49:41.083Z" },
    { url = "https://files.pythonhosted.org/packages/fc/2b/1f3cded5822fd49c02f40544cbb5f58c7cfd6b1694869fd476cb6170ee97/pywin32-312-cp314-cp314-win32.whl", hash = "sha256:a77a90fbb6881238d2ca9c6fd797b25817f3768fe78d214a90137ff055a75f5b", size = 6468928, upload-time = "2026-06-04T07:49:43.188Z" },
    { url = "https://files.pythonhosted.org/packages/21/82/3bf86d2e2808902013132e1ce905a7da0da53790f3836c64bf44d55e24f3/pywin32-312-cp314-cp314-win_amd64.whl", hash = "sha256:a4dd3a848290ef724347b19f301045831d8e802fa4464f491b98b1e0a081432e", size = 7024157, upload-time = "2026-06-04T07:49:45.34Z" },
    { url = "https://files.pythonhosted.org/packages/a4/0e/73f6d6800b4f27655abd9e9f6aaeaefcddb2b946e4674efa2bab184a7f7b/pywin32-312-cp314-cp314-win_arm64.whl", hash = "sha256:9fce94568364e0155e6dfb781ac5d95903be8baf28670632beab1b523f300daa", size = 6839598, upload-time = "2026-06-04T07:49:47.613Z" },
    { url = "https://files.pythonhosted.org/packages/eb/61/caa39686032d2ebdd04ff0ab5cbe163126c0066d98e00c9018646e42393b/pywin32-312-cp315-cp315-win32.whl", hash = "sha256:5c1fbe4a937a73ae9297384a3da38518cbc694c68ad8a809b2e19acd350f03ed", size = 6471159, upload-time = "2026-06-04T07:49:50.035Z" },
    { url = "https://files.pythonhosted.org/packages/0f/cd/7e1de64a4a6f69c04214169657ccab0d93a670ea50e35eb8f489d7378249/pywin32-312-cp315-cp315-win_amd64.whl", hash = "sha256:c2f03a0f73f804a13c2735b99392b0cd426bb4f2c4d0178e5ac966a0f21618d5", size = 7025293, upload-time = "2026-06-04T07:49:54.857Z" },
    { url = "https://files.pythonhosted.org/packages/23/ed/4532e9388e65fa16b46776ef47ad631a64eda1631884488af707666350ed/pywin32-312-cp315-cp315-win_arm64.whl", hash = "sha256:a8597d28f267b39074aef51fa593530082b39cbe5a074226096857b1fed2dfb9", size = 6840337, upload-time = "2026-06-04T07:49:57.531Z" },
]

[[package]]
name = "screeninfo"
version = "0.8.1"
source = { registry = "https://pypi.org/simple" }
dependencies = [
    { name = "cython", marker = "sys_platform == 'darwin'" },
    { name = "pyobjc-framework-cocoa", marker = "sys_platform == 'darwin'" },
]
sdist = { url = "https://files.pythonhosted.org/packages/ec/bb/e69e5e628d43f118e0af4fc063c20058faa8635c95a1296764acc8167e27/screeninfo-0.8.1.tar.gz", hash = "sha256:9983076bcc7e34402a1a9e4d7dabf3729411fd2abb3f3b4be7eba73519cd2ed1", size = 10666, upload-time = "2022-09-09T11:35:23.419Z" }
wheels = [
    { url = "https://files.pythonhosted.org/packages/6e/bf/c5205d480307bef660e56544b9e3d7ff687da776abb30c9cb3f330887570/screeninfo-0.8.1-py3-none-any.whl", hash = "sha256:e97d6b173856edcfa3bd282f81deb528188aff14b11ec3e195584e7641be733c", size = 12907, upload-time = "2022-09-09T11:35:21.351Z" },
]

[[package]]
name = "usb-monitor"
version = "1.23"
source = { registry = "https://pypi.org/simple" }
dependencies = [
    { name = "pyudev", marker = "sys_platform == 'linux'" },
    { name = "pywin32", marker = "sys_platform == 'win32'" },
    { name = "wmi", marker = "sys_platform == 'win32'" },
]
sdist = { url = "https://files.pythonhosted.org/packages/04/0d/c800cd6eb3a62996780334472bcfffe478dde28e4feeb6be8d15937c3e61/usb_monitor-1.23.tar.gz", hash = "sha256:ef1677d092cf76e634cb6487588edfbd91c1dbb15b34500c7331cc5e769797cf", size = 13513, upload-time = "2024-11-17T10:07:05.883Z" }
wheels = [
    { url = "https://files.pythonhosted.org/packages/a4/0f/b29fa81cf7a44be5b41671424c805fa93f35072191499625552e894d16bf/usb_monitor-1.23-py3-none-any.whl", hash = "sha256:4753747dedf862bcdbd3c339c59a0d7ea9e133091e38bc3f8f3133dc217776bd", size = 19094, upload-time = "2024-11-17T10:07:04.045Z" },
]

[[package]]
name = "wmi"
version = "1.5.1"
source = { registry = "https://pypi.org/simple" }
dependencies = [
    { name = "pywin32" },
]
sdist = { url = "https://files.pythonhosted.org/packages/d4/66/6364deb0a03415f96c66803d8c4379f808f2401da3bdb183348487b10510/WMI-1.5.1.tar.gz", hash = "sha256:b6a6be5711b1b6c8d55bda7a8befd75c48c12b770b9d227d31c1737dbf0d40a6", size = 26254, upload-time = "2020-04-28T08:22:58.096Z" }
wheels = [
    { url = "https://files.pythonhosted.org/packages/ee/b9/a80d1ed4d115dac8e2ac08d16af046a77ab58e3d186e22395bf2add24090/WMI-1.5.1-py2.py3-none-any.whl", hash = "sha256:1d6b085e5c445141c475476000b661f60fff1aaa19f76bf82b7abb92e0ff4942", size = 28912, upload-time = "2020-04-28T08:22:56.055Z" },
]
